
Microsoft Visual Studio Solution File, Format Version 12.00
# Visual Studio 15
VisualStudioVersion = 15.0.26124.0
MinimumVisualStudioVersion = 15.0.26124.0
Project("{FAE04EC0-301F-11D3-BF4B-00C04F79EFBC}") = "AnimalSpawn.Domain", "AnimalSpawn.Domain\AnimalSpawn.Domain.csproj", "{ACD660A3-681E-4304-A1D7-BCB90D9531FC}"
EndProject
Project("{FAE04EC0-301F-11D3-BF4B-00C04F79EFBC}") = "AnimalSpawn.Infraestructure", "AnimalSpawn.Infraestructure\AnimalSpawn.Infraestructure.csproj", "{4F08FCF3-4FDE-4808-8E8D-29866D3C5115}"
EndProject
Project("{FAE04EC0-301F-11D3-BF4B-00C04F79EFBC}") = "AnimalSpawn.Api", "AnimalSpawn.Api\AnimalSpawn.Api.csproj", "{8C89B598-99F8-4BCA-BB38-8A897AD2F565}"
EndProject
Global
	GlobalSection(SolutionConfigurationPlatforms) = preSolution
		Debug|Any CPU = Debug|Any CPU
		Debug|x64 = Debug|x64
		Debug|x86 = Debug|x86
		Release|Any CPU = Release|Any CPU
		Release|x64 = Release|x64
		Release|x86 = Release|x86
	EndGlobalSection
	GlobalSection(SolutionProperties) = preSolution
		HideSolutionNode = FALSE
	EndGlobalSection
	GlobalSection(ProjectConfigurationPlatforms) = postSolution
		{ACD660A3-681E-4304-A1D7-BCB90D9531FC}.Debug|Any CPU.ActiveCfg = Debug|Any CPU
		{ACD660A3-681E-4304-A1D7-BCB90D9531FC}.Debug|Any CPU.Build.0 = Debug|Any CPU
		{ACD660A3-681E-4304-A1D7-BCB90D9531FC}.Debug|x64.ActiveCfg = Debug|Any CPU
		{ACD660A3-681E-4304-A1D7-BCB90D9531FC}.Debug|x64.Build.0 = Debug|Any CPU
		{ACD660A3-681E-4304-A1D7-BCB90D9531FC}.Debug|x86.ActiveCfg = Debug|Any CPU
		{ACD660A3-681E-4304-A1D7-BCB90D9531FC}.Debug|x86.Build.0 = Debug|Any CPU
		{ACD660A3-681E-4304-A1D7-BCB90D9531FC}.Release|Any CPU.ActiveCfg = Release|Any CPU
		{ACD660A3-681E-4304-A1D7-BCB90D9531FC}.Release|Any CPU.Build.0 = Release|Any CPU
		{ACD660A3-681E-4304-A1D7-BCB90D9531FC}.Release|x64.ActiveCfg = Release|Any CPU
		{ACD660A3-681E-4304-A1D7-BCB90D9531FC}.Release|x64.Build.0 = Release|Any CPU
		{ACD660A3-681E-4304-A1D7-BCB90D9531FC}.Release|x86.ActiveCfg = Release|Any CPU
		{ACD660A3-681E-4304-A1D7-BCB90D9531FC}.Release|x86.Build.0 = Release|Any CPU
		{4F08FCF3-4FDE-4808-8E8D-29866D3C5115}.Debug|Any CPU.ActiveCfg = Debug|Any CPU
		{4F08FCF3-4FDE-4808-8E8D-29866D3C5115}.Debug|Any CPU.Build.0 = Debug|Any CPU
		{4F08FCF3-4FDE-4808-8E8D-29866D3C5115}.Debug|x64.ActiveCfg = Debug|Any CPU
		{4F08FCF3-4FDE-4808-8E8D-29866D3C5115}.Debug|x64.Build.0 = Debug|Any CPU
		{4F08FCF3-4FDE-4808-8E8D-29866D3C5115}.Debug|x86.ActiveCfg = Debug|Any CPU
		{4F08FCF3-4FDE-4808-8E8D-29866D3C5115}.Debug|x86.Build.0 = Debug|Any CPU
		{4F08FCF3-4FDE-4808-8E8D-29866D3C5115}.Release|Any CPU.ActiveCfg = Release|Any CPU
		{4F08FCF3-4FDE-4808-8E8D-29866D3C5115}.Release|Any CPU.Build.0 = Release|Any CPU
		{4F08FCF3-4FDE-4808-8E8D-29866D3C5115}.Release|x64.ActiveCfg = Release|Any CPU
		{4F08FCF3-4FDE-4808-8E8D-29866D3C5115}.Release|x64.Build.0 = Release|Any CPU
		{4F08FCF3-4FDE-4808-8E8D-29866D3C5115}.Release|x86.ActiveCfg = Release|Any CPU
		{4F08FCF3-4FDE-4808-8E8D-29866D3C5115}.Release|x86.Build.0 = Release|Any CPU
		{8C89B598-99F8-4BCA-BB38-8A897AD2F565}.Debug|Any CPU.ActiveCfg = Debug|Any CPU
		{8C89B598-99F8-4BCA-BB38-8A897AD2F565}.Debug|Any CPU.Build.0 = Debug|Any CPU
		{8C89B598-99F8-4BCA-BB38-8A897AD2F565}.Debug|x64.ActiveCfg = Debug|Any CPU
		{8C89B598-99F8-4BCA-BB38-8A897AD2F565}.Debug|x64.Build.0 = Debug|Any CPU
		{8C89B598-99F8-4BCA-BB38-8A897AD2F565}.Debug|x86.ActiveCfg = Debug|Any CPU
		{8C89B598-99F8-4BCA-BB38-8A897AD2F565}.Debug|x86.Build.0 = Debug|Any CPU
		{8C89B598-99F8-4BCA-BB38-8A897AD2F565}.Release|Any CPU.ActiveCfg = Release|Any CPU
		{8C89B598-99F8-4BCA-BB38-8A897AD2F565}.Release|Any CPU.Build.0 = Release|Any CPU
		{8C89B598-99F8-4BCA-BB38-8A897AD2F565}.Release|x64.ActiveCfg = Release|Any CPU
		{8C89B598-99F8-4BCA-BB38-8A897AD2F565}.Release|x64.Build.0 = Release|Any CPU
		{8C89B598-99F8-4BCA-BB38-8A897AD2F565}.Release|x86.ActiveCfg = Release|Any CPU
		{8C89B598-99F8-4BCA-BB38-8A897AD2F565}.Release|x86.Build.0 = Release|Any CPU
	EndGlobalSection
EndGlobal
